
Microsoft Visual Studio Solution File, Format Version 12.00
# Visual Studio Version 17
VisualStudioVersion = 17.8.34525.116
MinimumVisualStudioVersion = 10.0.40219.1
Project("{FAE04EC0-301F-11D3-BF4B-00C04F79EFBC}") = "exerc8", "exerc8\exerc8.csproj", "{BE7A0F37-9847-484A-90AE-BBD3735F23DB}"
EndProject
Global
	GlobalSection(SolutionConfigurationPlatforms) = preSolution
		Debug|Any CPU = Debug|Any CPU
		Release|Any CPU = Release|Any CPU
	EndGlobalSection
	GlobalSection(ProjectConfigurationPlatforms) = postSolution
		{BE7A0F37-9847-484A-90AE-BBD3735F23DB}.Debug|Any CPU.ActiveCfg = Debug|Any CPU
		{BE7A0F37-9847-484A-90AE-BBD3735F23DB}.Debug|Any CPU.Build.0 = Debug|Any CPU
		{BE7A0F37-9847-484A-90AE-BBD3735F23DB}.Release|Any CPU.ActiveCfg = Release|Any CPU
		{BE7A0F37-9847-484A-90AE-BBD3735F23DB}.Release|Any CPU.Build.0 = Release|Any CPU
	EndGlobalSection
	GlobalSection(SolutionProperties) = preSolution
		HideSolutionNode = FALSE
	EndGlobalSection
	GlobalSection(ExtensibilityGlobals) = postSolution
		SolutionGuid = {264D7EE8-9FAB-49AC-BA02-A432ED415139}
	EndGlobalSection
EndGlobal
